<?xml version="1.0" encoding="utf-8"?>
<Project ToolsVersion="4.0" xmlns="http://schemas.microsoft.com/developer/msbuild/2003">
  <ItemGroup>
    <ClCompile Include="main.cpp" />
    <ClCompile Include="Timer.cpp" />
  </ItemGroup>
  <ItemGroup>
    <ClInclude Include="Particle.h" />
    <ClInclude Include="World.h" />
    <ClInclude Include="Timer.h" />
    <ClInclude Include="BounceForceGenerator.h">
      <Filter>ForceGenerators</Filter>
    </ClInclude>
    <ClInclude Include="DragForceGenerator.h">
      <Filter>ForceGenerators</Filter>
    </ClInclude>
    <ClInclude Include="ForceGenerator.h">
      <Filter>ForceGenerators</Filter>
    </ClInclude>
    <ClInclude Include="GravityForceGenerator.h">
      <Filter>ForceGenerators</Filter>
    </ClInclude>
    <ClInclude Include="FrictionForceGenerator.h">
      <Filter>ForceGenerators</Filter>
    </ClInclude>
  </ItemGroup>
  <ItemGroup>
    <Filter Include="ForceGenerators">
      <UniqueIdentifier>{460a7459-01ba-4a0e-bfdb-bd65e0505e83}</UniqueIdentifier>
    </Filter>
  </ItemGroup>
</Project>